
Microsoft Visual Studio Solution File, Format Version 12.00
# Visual Studio 2013
VisualStudioVersion = 12.0.31101.0
MinimumVisualStudioVersion = 10.0.40219.1
Project("{FAE04EC0-301F-11D3-BF4B-00C04F79EFBC}") = "MoreMoreTest.ODataBackend", "../../src/MoreMoreTest/ODataBackend/MoreMoreTest.ODataBackend.csproj", "{13185B61-F50E-4F9E-A140-A8D48507851D}"
EndProject
Project("{FAE04EC0-301F-11D3-BF4B-00C04F79EFBC}") = "MoreMoreTest.Objects", "../../src/MoreMoreTest/Objects/MoreMoreTest.Objects.csproj", "{F0DC0CFA-2F41-415B-B75E-3F2D9233DE05}"
EndProject
Global
	GlobalSection(SolutionConfigurationPlatforms) = preSolution
Debug|Any CPU = Debug|Any CPU
Release|Any CPU = Release|Any CPU
	EndGlobalSection
	GlobalSection(ProjectConfigurationPlatforms) = postSolution
		{13185B61-F50E-4F9E-A140-A8D48507851D}.Debug|Any CPU.ActiveCfg = Debug|Any CPU
		{13185B61-F50E-4F9E-A140-A8D48507851D}.Debug|Any CPU.Build.0 = Debug|Any CPU
		{13185B61-F50E-4F9E-A140-A8D48507851D}.Release|Any CPU.ActiveCfg = Release|Any CPU
		{13185B61-F50E-4F9E-A140-A8D48507851D}.Release|Any CPU.Build.0 = Release|Any CPU
		{F0DC0CFA-2F41-415B-B75E-3F2D9233DE05}.Debug|Any CPU.ActiveCfg = Debug|Any CPU
		{F0DC0CFA-2F41-415B-B75E-3F2D9233DE05}.Debug|Any CPU.Build.0 = Debug|Any CPU
		{F0DC0CFA-2F41-415B-B75E-3F2D9233DE05}.Release|Any CPU.ActiveCfg = Release|Any CPU
		{F0DC0CFA-2F41-415B-B75E-3F2D9233DE05}.Release|Any CPU.Build.0 = Release|Any CPU
	EndGlobalSection
	GlobalSection(SolutionProperties) = preSolution
		HideSolutionNode = FALSE
	EndGlobalSection
EndGlobal
